
Microsoft Visual Studio Solution File, Format Version 12.00
# Visual Studio Version 17
VisualStudioVersion = 17.4.33110.190
MinimumVisualStudioVersion = 10.0.40219.1
Project("{FAE04EC0-301F-11D3-BF4B-00C04F79EFBC}") = "Challenge1", "Challenge1\Challenge1.csproj", "{5A60247E-53A0-4E95-A384-262F00D2834E}"
EndProject
Project("{FAE04EC0-301F-11D3-BF4B-00C04F79EFBC}") = "MessageQueueConsoleApp", "MessageQueueConsoleApp\MessageQueueConsoleApp.csproj", "{9111F44E-98E6-4E10-9425-FD587E9E6C3E}"
EndProject
Global
	GlobalSection(SolutionConfigurationPlatforms) = preSolution
		Debug|Any CPU = Debug|Any CPU
		Release|Any CPU = Release|Any CPU
	EndGlobalSection
	GlobalSection(ProjectConfigurationPlatforms) = postSolution
		{5A60247E-53A0-4E95-A384-262F00D2834E}.Debug|Any CPU.ActiveCfg = Debug|Any CPU
		{5A60247E-53A0-4E95-A384-262F00D2834E}.Debug|Any CPU.Build.0 = Debug|Any CPU
		{5A60247E-53A0-4E95-A384-262F00D2834E}.Release|Any CPU.ActiveCfg = Release|Any CPU
		{5A60247E-53A0-4E95-A384-262F00D2834E}.Release|Any CPU.Build.0 = Release|Any CPU
		{9111F44E-98E6-4E10-9425-FD587E9E6C3E}.Debug|Any CPU.ActiveCfg = Debug|Any CPU
		{9111F44E-98E6-4E10-9425-FD587E9E6C3E}.Debug|Any CPU.Build.0 = Debug|Any CPU
		{9111F44E-98E6-4E10-9425-FD587E9E6C3E}.Release|Any CPU.ActiveCfg = Release|Any CPU
		{9111F44E-98E6-4E10-9425-FD587E9E6C3E}.Release|Any CPU.Build.0 = Release|Any CPU
	EndGlobalSection
	GlobalSection(SolutionProperties) = preSolution
		HideSolutionNode = FALSE
	EndGlobalSection
	GlobalSection(ExtensibilityGlobals) = postSolution
		SolutionGuid = {D1CFC173-AEDB-416A-BF9A-BC0873C743F6}
	EndGlobalSection
EndGlobal
